
Microsoft Visual Studio Solution File, Format Version 12.00
# Visual Studio Version 17
VisualStudioVersion = 17.1.32319.34
MinimumVisualStudioVersion = 10.0.40219.1
Project("{9A19103F-16F7-4668-BE54-9A1E7A4F7556}") = "IMX500DemoFunction", "IMX500DemoFunction\IMX500DemoFunction.csproj", "{EC8512AC-F180-4D30-9F99-3008EC2C2705}"
EndProject
Global
	GlobalSection(SolutionConfigurationPlatforms) = preSolution
		Debug|Any CPU = Debug|Any CPU
		Release|Any CPU = Release|Any CPU
	EndGlobalSection
	GlobalSection(ProjectConfigurationPlatforms) = postSolution
		{EC8512AC-F180-4D30-9F99-3008EC2C2705}.Debug|Any CPU.ActiveCfg = Debug|Any CPU
		{EC8512AC-F180-4D30-9F99-3008EC2C2705}.Debug|Any CPU.Build.0 = Debug|Any CPU
		{EC8512AC-F180-4D30-9F99-3008EC2C2705}.Release|Any CPU.ActiveCfg = Release|Any CPU
		{EC8512AC-F180-4D30-9F99-3008EC2C2705}.Release|Any CPU.Build.0 = Release|Any CPU
	EndGlobalSection
	GlobalSection(SolutionProperties) = preSolution
		HideSolutionNode = FALSE
	EndGlobalSection
	GlobalSection(ExtensibilityGlobals) = postSolution
		SolutionGuid = {D4E2377B-6A8C-40CD-84FB-5C7741F6DB32}
	EndGlobalSection
EndGlobal
